
Microsoft Visual Studio Solution File, Format Version 12.00
# Visual Studio Version 17
VisualStudioVersion = 17.6.33723.286
MinimumVisualStudioVersion = 10.0.40219.1
Project("{FAE04EC0-301F-11D3-BF4B-00C04F79EFBC}") = "MagicVilla_VillaApi", "MagicVilla_VillaApi\MagicVilla_VillaApi.csproj", "{0BF51788-6D05-4D07-A80E-6F8B2827982A}"
EndProject
Global
	GlobalSection(SolutionConfigurationPlatforms) = preSolution
		Debug|Any CPU = Debug|Any CPU
		Release|Any CPU = Release|Any CPU
	EndGlobalSection
	GlobalSection(ProjectConfigurationPlatforms) = postSolution
		{0BF51788-6D05-4D07-A80E-6F8B2827982A}.Debug|Any CPU.ActiveCfg = Debug|Any CPU
		{0BF51788-6D05-4D07-A80E-6F8B2827982A}.Debug|Any CPU.Build.0 = Debug|Any CPU
		{0BF51788-6D05-4D07-A80E-6F8B2827982A}.Release|Any CPU.ActiveCfg = Release|Any CPU
		{0BF51788-6D05-4D07-A80E-6F8B2827982A}.Release|Any CPU.Build.0 = Release|Any CPU
	EndGlobalSection
	GlobalSection(SolutionProperties) = preSolution
		HideSolutionNode = FALSE
	EndGlobalSection
	GlobalSection(ExtensibilityGlobals) = postSolution
		SolutionGuid = {44385B30-F86F-4FCA-AABF-5ACC8675DFB0}
	EndGlobalSection
EndGlobal
